// !$*UTF8*$!
{
	archiveVersion = 1;
	classes = {
	};
	objectVersion = 50;
	objects = {

/* Begin PBXBuildFile section */
		0B7B832660032C75C3C7E6E2 /* AppDelegate.swift in Sources */ = {isa = PBXBuildFile; fileRef = 67EF4C934C0BAE3731D351A0 /* AppDelegate.swift */; };
		0EB86128D77BA69E2C6DAB34 /* PuccaInterface.framework in Frameworks */ = {isa = PBXBuildFile; fileRef = BAA70A0E7B2BD8F876BEDE12 /* PuccaInterface.framework */; };
		11F3B42481F82311F6F7B807 /* Pucca.framework in Frameworks */ = {isa = PBXBuildFile; fileRef = 91A8293F420FF0B4C3D860DA /* Pucca.framework */; };
		261CCE32E67B5FAF57B4A437 /* PuccaTests.swift in Sources */ = {isa = PBXBuildFile; fileRef = A5F72623CD227E5B4B56A981 /* PuccaTests.swift */; };
		2CA5DCDC9A103DE51BF0D844 /* CoreKit.framework in Frameworks */ = {isa = PBXBuildFile; fileRef = A28A64E0371207BF612C5D1C /* CoreKit.framework */; };
		2D6BA9D6843BB7FAFA4EA9C5 /* ViewController.swift in Sources */ = {isa = PBXBuildFile; fileRef = 27E59231759C252BD27FB7DC /* ViewController.swift */; };
		3FD83CC6E94B47A26F14DECE /* PuccaBuildable.swift in Sources */ = {isa = PBXBuildFile; fileRef = 42A48BFB97EAE6C4E4A2FA93 /* PuccaBuildable.swift */; };
		4243D1C10CF7DFD00BF1F7C1 /* PuccaInterface.framework in Embed Frameworks */ = {isa = PBXBuildFile; fileRef = BAA70A0E7B2BD8F876BEDE12 /* PuccaInterface.framework */; settings = {ATTRIBUTES = (CodeSignOnCopy, RemoveHeadersOnCopy, ); }; };
		42BDE95AA402F9981D230849 /* PuccaBuilder.swift in Sources */ = {isa = PBXBuildFile; fileRef = 70FF8580AC9E8255608A8BA8 /* PuccaBuilder.swift */; };
		5533024574877D4024C3D260 /* InitialBuilder.swift in Sources */ = {isa = PBXBuildFile; fileRef = DC7BBD66BE39643A336FAE6E /* InitialBuilder.swift */; };
		77BF2DEE883F02CC3606BA24 /* CoreKit.framework in Frameworks */ = {isa = PBXBuildFile; fileRef = A28A64E0371207BF612C5D1C /* CoreKit.framework */; };
		84B7DC2D9B87EC40672E7CE7 /* Bundle+PuccaSample.swift in Sources */ = {isa = PBXBuildFile; fileRef = 9CBB9DC1888C39DF33CC6BCA /* Bundle+PuccaSample.swift */; };
		A0E1B48F540BDCE4A058E5D1 /* PuccaInterface.framework in Frameworks */ = {isa = PBXBuildFile; fileRef = BAA70A0E7B2BD8F876BEDE12 /* PuccaInterface.framework */; };
		AACC9EC77A0368167F86B12B /* InitialInteractor.swift in Sources */ = {isa = PBXBuildFile; fileRef = 155083BA3419E7A792036FED /* InitialInteractor.swift */; };
		BA717AA9CAEADDE612044348 /* InitialCoordinator.swift in Sources */ = {isa = PBXBuildFile; fileRef = 6655074D0620D758736A3C76 /* InitialCoordinator.swift */; };
		D301CC03B01F76F9CD8F913B /* Pucca.framework in Frameworks */ = {isa = PBXBuildFile; fileRef = 91A8293F420FF0B4C3D860DA /* Pucca.framework */; };
		DA181A6296D5D27FE96027AA /* LaunchScreen.storyboard in Resources */ = {isa = PBXBuildFile; fileRef = E598EE0081452ACFF09BC0A4 /* LaunchScreen.storyboard */; };
		E3BCB2E4266AF26500390EF9 /* PuccaListener.swift in Sources */ = {isa = PBXBuildFile; fileRef = E3BCB2E3266AF26500390EF9 /* PuccaListener.swift */; };
		EC1AC57DD177E49174C7FBF3 /* Pucca.framework in Embed Frameworks */ = {isa = PBXBuildFile; fileRef = 91A8293F420FF0B4C3D860DA /* Pucca.framework */; settings = {ATTRIBUTES = (CodeSignOnCopy, RemoveHeadersOnCopy, ); }; };
		F9237A4E1E453F95C13A825F /* CoreKit.framework in Embed Frameworks */ = {isa = PBXBuildFile; fileRef = A28A64E0371207BF612C5D1C /* CoreKit.framework */; settings = {ATTRIBUTES = (CodeSignOnCopy, RemoveHeadersOnCopy, ); }; };
		FB7B33C8EC301866D2039707 /* CoreKit.framework in Frameworks */ = {isa = PBXBuildFile; fileRef = A28A64E0371207BF612C5D1C /* CoreKit.framework */; };
		FCD28C747030F906E35859AB /* InitialViewController.swift in Sources */ = {isa = PBXBuildFile; fileRef = 9078BD144FF369EAE2FC8DC7 /* InitialViewController.swift */; };
/* End PBXBuildFile section */

/* Begin PBXContainerItemProxy section */
		1D7C9D5A5F7BF1736C2AB475 /* PBXContainerItemProxy */ = {
			isa = PBXContainerItemProxy;
			containerPortal = C83C8FDCB276884F7F4D281E /* Project object */;
			proxyType = 1;
			remoteGlobalIDString = B53BC8DD82519E7BEC49F172;
			remoteInfo = PuccaInterface;
		};
		6A4580598308F8F7AE634F08 /* PBXContainerItemProxy */ = {
			isa = PBXContainerItemProxy;
			containerPortal = C83C8FDCB276884F7F4D281E /* Project object */;
			proxyType = 1;
			remoteGlobalIDString = 3E719E0C484B7C61F2EC7A31;
			remoteInfo = Pucca;
		};
		CA26D39B3C0A1C3080B78185 /* PBXContainerItemProxy */ = {
			isa = PBXContainerItemProxy;
			containerPortal = C83C8FDCB276884F7F4D281E /* Project object */;
			proxyType = 1;
			remoteGlobalIDString = B53BC8DD82519E7BEC49F172;
			remoteInfo = PuccaInterface;
		};
		EC616E9FE6748B8656B41442 /* PBXContainerItemProxy */ = {
			isa = PBXContainerItemProxy;
			containerPortal = C83C8FDCB276884F7F4D281E /* Project object */;
			proxyType = 1;
			remoteGlobalIDString = 3E719E0C484B7C61F2EC7A31;
			remoteInfo = Pucca;
		};
/* End PBXContainerItemProxy section */

/* Begin PBXCopyFilesBuildPhase section */
		5C723159C1B94BFF7BE36A3C /* Embed Frameworks */ = {
			isa = PBXCopyFilesBuildPhase;
			buildActionMask = 2147483647;
			dstPath = "";
			dstSubfolderSpec = 10;
			files = (
			);
			name = "Embed Frameworks";
			runOnlyForDeploymentPostprocessing = 0;
		};
		63A98F8E44616DA72CA03468 /* Embed Frameworks */ = {
			isa = PBXCopyFilesBuildPhase;
			buildActionMask = 2147483647;
			dstPath = "";
			dstSubfolderSpec = 10;
			files = (
			);
			name = "Embed Frameworks";
			runOnlyForDeploymentPostprocessing = 0;
		};
		708F005B952006C4C7EB58AE /* Embed Frameworks */ = {
			isa = PBXCopyFilesBuildPhase;
			buildActionMask = 2147483647;
			dstPath = "";
			dstSubfolderSpec = 10;
			files = (
				F9237A4E1E453F95C13A825F /* CoreKit.framework in Embed Frameworks */,
				EC1AC57DD177E49174C7FBF3 /* Pucca.framework in Embed Frameworks */,
				4243D1C10CF7DFD00BF1F7C1 /* PuccaInterface.framework in Embed Frameworks */,
			);
			name = "Embed Frameworks";
			runOnlyForDeploymentPostprocessing = 0;
		};
		97A39BC54667DE49245F1313 /* Embed Frameworks */ = {
			isa = PBXCopyFilesBuildPhase;
			buildActionMask = 2147483647;
			dstPath = "";
			dstSubfolderSpec = 10;
			files = (
			);
			name = "Embed Frameworks";
			runOnlyForDeploymentPostprocessing = 0;
		};
/* End PBXCopyFilesBuildPhase section */

/* Begin PBXFileReference section */
		12DD4DDB6E09C63238B161F3 /* PuccaSample.app */ = {isa = PBXFileReference; explicitFileType = wrapper.application; includeInIndex = 0; path = PuccaSample.app; sourceTree = BUILT_PRODUCTS_DIR; };
		155083BA3419E7A792036FED /* InitialInteractor.swift */ = {isa = PBXFileReference; lastKnownFileType = sourcecode.swift; path = InitialInteractor.swift; sourceTree = "<group>"; };
		27E59231759C252BD27FB7DC /* ViewController.swift */ = {isa = PBXFileReference; lastKnownFileType = sourcecode.swift; path = ViewController.swift; sourceTree = "<group>"; };
		2A9F2A6AFBE574A71A2F5257 /* Info.plist */ = {isa = PBXFileReference; lastKnownFileType = text.plist; path = Info.plist; sourceTree = "<group>"; };
		42A48BFB97EAE6C4E4A2FA93 /* PuccaBuildable.swift */ = {isa = PBXFileReference; lastKnownFileType = sourcecode.swift; path = PuccaBuildable.swift; sourceTree = "<group>"; };
		6655074D0620D758736A3C76 /* InitialCoordinator.swift */ = {isa = PBXFileReference; lastKnownFileType = sourcecode.swift; path = InitialCoordinator.swift; sourceTree = "<group>"; };
		67EF4C934C0BAE3731D351A0 /* AppDelegate.swift */ = {isa = PBXFileReference; lastKnownFileType = sourcecode.swift; path = AppDelegate.swift; sourceTree = "<group>"; };
		70FF8580AC9E8255608A8BA8 /* PuccaBuilder.swift */ = {isa = PBXFileReference; lastKnownFileType = sourcecode.swift; path = PuccaBuilder.swift; sourceTree = "<group>"; };
		730D93866B963A5E15ECB351 /* Info.plist */ = {isa = PBXFileReference; lastKnownFileType = text.plist; path = Info.plist; sourceTree = "<group>"; };
		8E74811416C00E3F06C37471 /* PuccaTests.xctest */ = {isa = PBXFileReference; explicitFileType = wrapper.cfbundle; includeInIndex = 0; path = PuccaTests.xctest; sourceTree = BUILT_PRODUCTS_DIR; };
		9078BD144FF369EAE2FC8DC7 /* InitialViewController.swift */ = {isa = PBXFileReference; lastKnownFileType = sourcecode.swift; path = InitialViewController.swift; sourceTree = "<group>"; };
		91A8293F420FF0B4C3D860DA /* Pucca.framework */ = {isa = PBXFileReference; explicitFileType = wrapper.framework; includeInIndex = 0; path = Pucca.framework; sourceTree = BUILT_PRODUCTS_DIR; };
		9CBB9DC1888C39DF33CC6BCA /* Bundle+PuccaSample.swift */ = {isa = PBXFileReference; lastKnownFileType = sourcecode.swift; path = "Bundle+PuccaSample.swift"; sourceTree = "<group>"; };
		9D9BAEDFF7BC43F15B8DCAD7 /* Info.plist */ = {isa = PBXFileReference; lastKnownFileType = text.plist; path = Info.plist; sourceTree = "<group>"; };
		9EEA67C7D6D4B8EA3F90C545 /* Info.plist */ = {isa = PBXFileReference; lastKnownFileType = text.plist; path = Info.plist; sourceTree = "<group>"; };
		A28A64E0371207BF612C5D1C /* CoreKit.framework */ = {isa = PBXFileReference; explicitFileType = wrapper.framework; includeInIndex = 0; path = CoreKit.framework; sourceTree = BUILT_PRODUCTS_DIR; };
		A5879B7CE883909FA7A90F9D /* Base */ = {isa = PBXFileReference; lastKnownFileType = file.storyboard; name = Base; path = Base.lproj/LaunchScreen.storyboard; sourceTree = "<group>"; };
		A5F72623CD227E5B4B56A981 /* PuccaTests.swift */ = {isa = PBXFileReference; lastKnownFileType = sourcecode.swift; path = PuccaTests.swift; sourceTree = "<group>"; };
		BAA70A0E7B2BD8F876BEDE12 /* PuccaInterface.framework */ = {isa = PBXFileReference; explicitFileType = wrapper.framework; includeInIndex = 0; path = PuccaInterface.framework; sourceTree = BUILT_PRODUCTS_DIR; };
		DC7BBD66BE39643A336FAE6E /* InitialBuilder.swift */ = {isa = PBXFileReference; lastKnownFileType = sourcecode.swift; path = InitialBuilder.swift; sourceTree = "<group>"; };
		E3BCB2E3266AF26500390EF9 /* PuccaListener.swift */ = {isa = PBXFileReference; lastKnownFileType = sourcecode.swift; path = PuccaListener.swift; sourceTree = "<group>"; };
/* End PBXFileReference section */

/* Begin PBXFrameworksBuildPhase section */
		0DA58DBD02B399B0F1684986 /* Frameworks */ = {
			isa = PBXFrameworksBuildPhase;
			buildActionMask = 2147483647;
			files = (
				11F3B42481F82311F6F7B807 /* Pucca.framework in Frameworks */,
			);
			runOnlyForDeploymentPostprocessing = 0;
		};
		838953C98B4491C788F0AD78 /* Frameworks */ = {
			isa = PBXFrameworksBuildPhase;
			buildActionMask = 2147483647;
			files = (
				2CA5DCDC9A103DE51BF0D844 /* CoreKit.framework in Frameworks */,
				D301CC03B01F76F9CD8F913B /* Pucca.framework in Frameworks */,
				0EB86128D77BA69E2C6DAB34 /* PuccaInterface.framework in Frameworks */,
			);
			runOnlyForDeploymentPostprocessing = 0;
		};
		C64BB4F69C6E67D442F0D2EE /* Frameworks */ = {
			isa = PBXFrameworksBuildPhase;
			buildActionMask = 2147483647;
			files = (
				77BF2DEE883F02CC3606BA24 /* CoreKit.framework in Frameworks */,
			);
			runOnlyForDeploymentPostprocessing = 0;
		};
		C9188447B297A2F965F229AC /* Frameworks */ = {
			isa = PBXFrameworksBuildPhase;
			buildActionMask = 2147483647;
			files = (
				FB7B33C8EC301866D2039707 /* CoreKit.framework in Frameworks */,
				A0E1B48F540BDCE4A058E5D1 /* PuccaInterface.framework in Frameworks */,
			);
			runOnlyForDeploymentPostprocessing = 0;
		};
/* End PBXFrameworksBuildPhase section */

/* Begin PBXGroup section */
		02A40ABE957E771CD4C160CF /* Sources */ = {
			isa = PBXGroup;
			children = (
				9ACDE4F19F7DE73A791939B8 /* Flow */,
				17EE0A64452704B7E8511FBD /* Scenes */,
			);
			path = Sources;
			sourceTree = "<group>";
		};
		0FD7FC9D62CCD8CE741609D6 = {
			isa = PBXGroup;
			children = (
				A419E2B3FB9F145A8F6063E9 /* Project */,
				1ABA6112B39CDDEAE8636F35 /* Frameworks */,
				9C4ECFB7F2C4589D652E848B /* Products */,
			);
			sourceTree = "<group>";
		};
		147A9529766281AB51F4C14C /* Sources */ = {
			isa = PBXGroup;
			children = (
				67EF4C934C0BAE3731D351A0 /* AppDelegate.swift */,
				27E59231759C252BD27FB7DC /* ViewController.swift */,
			);
			path = Sources;
			sourceTree = "<group>";
		};
		1689C2420B9B5CE4937358D7 /* Pucca */ = {
			isa = PBXGroup;
			children = (
				02A40ABE957E771CD4C160CF /* Sources */,
				730D93866B963A5E15ECB351 /* Info.plist */,
			);
			path = Pucca;
			sourceTree = "<group>";
		};
		17EE0A64452704B7E8511FBD /* Scenes */ = {
			isa = PBXGroup;
			children = (
				D55629B4B1E9452662F65BBD /* Initial */,
			);
			path = Scenes;
			sourceTree = "<group>";
		};
		1ABA6112B39CDDEAE8636F35 /* Frameworks */ = {
			isa = PBXGroup;
			children = (
			);
			name = Frameworks;
			sourceTree = "<group>";
		};
		471A97EBE109761468E4A785 /* Resources */ = {
			isa = PBXGroup;
			children = (
				E598EE0081452ACFF09BC0A4 /* LaunchScreen.storyboard */,
			);
			path = Resources;
			sourceTree = "<group>";
		};
		50563203088F7C412F18B360 /* Tests */ = {
			isa = PBXGroup;
			children = (
				A5F72623CD227E5B4B56A981 /* PuccaTests.swift */,
			);
			path = Tests;
			sourceTree = "<group>";
		};
		560088633E3A9BF94D2153B5 /* Sources */ = {
			isa = PBXGroup;
			children = (
				42A48BFB97EAE6C4E4A2FA93 /* PuccaBuildable.swift */,
				E3BCB2E3266AF26500390EF9 /* PuccaListener.swift */,
			);
			path = Sources;
			sourceTree = "<group>";
		};
		591A4937A274DD9244848A98 /* PuccaSample */ = {
			isa = PBXGroup;
			children = (
				471A97EBE109761468E4A785 /* Resources */,
				147A9529766281AB51F4C14C /* Sources */,
				9D9BAEDFF7BC43F15B8DCAD7 /* Info.plist */,
			);
			path = PuccaSample;
			sourceTree = "<group>";
		};
		8739B534170E9F051B5DB7DD /* PuccaTests */ = {
			isa = PBXGroup;
			children = (
				50563203088F7C412F18B360 /* Tests */,
				9EEA67C7D6D4B8EA3F90C545 /* Info.plist */,
			);
			path = PuccaTests;
			sourceTree = "<group>";
		};
		9ACDE4F19F7DE73A791939B8 /* Flow */ = {
			isa = PBXGroup;
			children = (
				70FF8580AC9E8255608A8BA8 /* PuccaBuilder.swift */,
			);
			path = Flow;
			sourceTree = "<group>";
		};
		9C4ECFB7F2C4589D652E848B /* Products */ = {
			isa = PBXGroup;
			children = (
				A28A64E0371207BF612C5D1C /* CoreKit.framework */,
				91A8293F420FF0B4C3D860DA /* Pucca.framework */,
				BAA70A0E7B2BD8F876BEDE12 /* PuccaInterface.framework */,
				12DD4DDB6E09C63238B161F3 /* PuccaSample.app */,
				8E74811416C00E3F06C37471 /* PuccaTests.xctest */,
			);
			name = Products;
			sourceTree = "<group>";
		};
		A419E2B3FB9F145A8F6063E9 /* Project */ = {
			isa = PBXGroup;
			children = (
				D5ED07250609D1809E4C7ED3 /* Derived */,
				1689C2420B9B5CE4937358D7 /* Pucca */,
				B1BC40D9E7D2EE82C5C06D6F /* PuccaInterface */,
				591A4937A274DD9244848A98 /* PuccaSample */,
				8739B534170E9F051B5DB7DD /* PuccaTests */,
			);
			name = Project;
			sourceTree = "<group>";
		};
		B1BC40D9E7D2EE82C5C06D6F /* PuccaInterface */ = {
			isa = PBXGroup;
			children = (
				560088633E3A9BF94D2153B5 /* Sources */,
				2A9F2A6AFBE574A71A2F5257 /* Info.plist */,
			);
			path = PuccaInterface;
			sourceTree = "<group>";
		};
		CA095A2FE4A373EC263E38E3 /* Sources */ = {
			isa = PBXGroup;
			children = (
				9CBB9DC1888C39DF33CC6BCA /* Bundle+PuccaSample.swift */,
			);
			path = Sources;
			sourceTree = "<group>";
		};
		D55629B4B1E9452662F65BBD /* Initial */ = {
			isa = PBXGroup;
			children = (
				DC7BBD66BE39643A336FAE6E /* InitialBuilder.swift */,
				6655074D0620D758736A3C76 /* InitialCoordinator.swift */,
				155083BA3419E7A792036FED /* InitialInteractor.swift */,
				9078BD144FF369EAE2FC8DC7 /* InitialViewController.swift */,
			);
			path = Initial;
			sourceTree = "<group>";
		};
		D5ED07250609D1809E4C7ED3 /* Derived */ = {
			isa = PBXGroup;
			children = (
				CA095A2FE4A373EC263E38E3 /* Sources */,
			);
			path = Derived;
			sourceTree = "<group>";
		};
/* End PBXGroup section */

/* Begin PBXNativeTarget section */
		3E719E0C484B7C61F2EC7A31 /* Pucca */ = {
			isa = PBXNativeTarget;
			buildConfigurationList = 26B46FEF243419279AF4AC4E /* Build configuration list for PBXNativeTarget "Pucca" */;
			buildPhases = (
				1DC3F4A06BDAFC9A216BD350 /* Swift Lint */,
				BDF48AA30579EBA73D1C03B7 /* Sources */,
				74A2CD90435F243940790A78 /* Resources */,
				90E165954A8094320E7759BA /* Embed Precompiled Frameworks */,
				97A39BC54667DE49245F1313 /* Embed Frameworks */,
				C9188447B297A2F965F229AC /* Frameworks */,
			);
			buildRules = (
			);
			dependencies = (
				52B1C4A611DD2A6BF2460FFE /* PBXTargetDependency */,
			);
			name = Pucca;
			productName = Pucca;
			productReference = 91A8293F420FF0B4C3D860DA /* Pucca.framework */;
			productType = "com.apple.product-type.framework";
		};
		B53BC8DD82519E7BEC49F172 /* PuccaInterface */ = {
			isa = PBXNativeTarget;
			buildConfigurationList = E1DCD952DE1E4AE3CAD9AA16 /* Build configuration list for PBXNativeTarget "PuccaInterface" */;
			buildPhases = (
				B41C825C787FB2DE6C0C9BD1 /* Sources */,
				09983F4D008E396AD428D627 /* Resources */,
				920A7AB8D8C418B9AF275E20 /* Embed Precompiled Frameworks */,
				5C723159C1B94BFF7BE36A3C /* Embed Frameworks */,
				C64BB4F69C6E67D442F0D2EE /* Frameworks */,
			);
			buildRules = (
			);
			dependencies = (
			);
			name = PuccaInterface;
			productName = PuccaInterface;
			productReference = BAA70A0E7B2BD8F876BEDE12 /* PuccaInterface.framework */;
			productType = "com.apple.product-type.framework";
		};
		C54EBD5CED1B27380C239EF6 /* PuccaTests */ = {
			isa = PBXNativeTarget;
			buildConfigurationList = B0FAC2D2AAC63356F5CE7B94 /* Build configuration list for PBXNativeTarget "PuccaTests" */;
			buildPhases = (
				797718E795808777714EC39C /* Sources */,
				910ED96DC1D0977649CFF284 /* Resources */,
				124EAF4332FFA9214CF54915 /* Embed Precompiled Frameworks */,
				63A98F8E44616DA72CA03468 /* Embed Frameworks */,
				0DA58DBD02B399B0F1684986 /* Frameworks */,
			);
			buildRules = (
			);
			dependencies = (
				B41FA6CC6C14A3AE8751C1F8 /* PBXTargetDependency */,
			);
			name = PuccaTests;
			productName = PuccaTests;
			productReference = 8E74811416C00E3F06C37471 /* PuccaTests.xctest */;
			productType = "com.apple.product-type.bundle.unit-test";
		};
		CAA16AF95DAB879C28BC9C91 /* PuccaSample */ = {
			isa = PBXNativeTarget;
			buildConfigurationList = F6FD243D9518827396E2126A /* Build configuration list for PBXNativeTarget "PuccaSample" */;
			buildPhases = (
				3CF093B862D6C4D61627BBBC /* Sources */,
				2CA04B73B1236AFD711AA4BF /* Resources */,
				950756A5FDA64108801850E4 /* Embed Precompiled Frameworks */,
				708F005B952006C4C7EB58AE /* Embed Frameworks */,
				838953C98B4491C788F0AD78 /* Frameworks */,
			);
			buildRules = (
			);
			dependencies = (
				31E0BA1D0ECCD524F4ADEA6E /* PBXTargetDependency */,
				648EB7CD9493BEF7B5A8BBA1 /* PBXTargetDependency */,
			);
			name = PuccaSample;
			productName = PuccaSample;
			productReference = 12DD4DDB6E09C63238B161F3 /* PuccaSample.app */;
			productType = "com.apple.product-type.application";
		};
/* End PBXNativeTarget section */

/* Begin PBXProject section */
		C83C8FDCB276884F7F4D281E /* Project object */ = {
			isa = PBXProject;
			attributes = {
			};
			buildConfigurationList = 52A285EBD6928ACFA2475846 /* Build configuration list for PBXProject "Pucca" */;
			compatibilityVersion = "Xcode 9.3";
			developmentRegion = en;
			hasScannedForEncodings = 0;
			knownRegions = (
				Base,
				en,
			);
			mainGroup = 0FD7FC9D62CCD8CE741609D6;
			productRefGroup = 9C4ECFB7F2C4589D652E848B /* Products */;
			projectDirPath = "";
			projectRoot = "";
			targets = (
				3E719E0C484B7C61F2EC7A31 /* Pucca */,
				C54EBD5CED1B27380C239EF6 /* PuccaTests */,
				CAA16AF95DAB879C28BC9C91 /* PuccaSample */,
				B53BC8DD82519E7BEC49F172 /* PuccaInterface */,
			);
		};
/* End PBXProject section */

/* Begin PBXResourcesBuildPhase section */
		09983F4D008E396AD428D627 /* Resources */ = {
			isa = PBXResourcesBuildPhase;
			buildActionMask = 2147483647;
			files = (
			);
			runOnlyForDeploymentPostprocessing = 0;
		};
		2CA04B73B1236AFD711AA4BF /* Resources */ = {
			isa = PBXResourcesBuildPhase;
			buildActionMask = 2147483647;
			files = (
				DA181A6296D5D27FE96027AA /* LaunchScreen.storyboard in Resources */,
			);
			runOnlyForDeploymentPostprocessing = 0;
		};
		74A2CD90435F243940790A78 /* Resources */ = {
			isa = PBXResourcesBuildPhase;
			buildActionMask = 2147483647;
			files = (
			);
			runOnlyForDeploymentPostprocessing = 0;
		};
		910ED96DC1D0977649CFF284 /* Resources */ = {
			isa = PBXResourcesBuildPhase;
			buildActionMask = 2147483647;
			files = (
			);
			runOnlyForDeploymentPostprocessing = 0;
		};
/* End PBXResourcesBuildPhase section */

/* Begin PBXShellScriptBuildPhase section */
		124EAF4332FFA9214CF54915 /* Embed Precompiled Frameworks */ = {
			isa = PBXShellScriptBuildPhase;
			buildActionMask = 2147483647;
			files = (
			);
			inputPaths = (
			);
			name = "Embed Precompiled Frameworks";
			outputPaths = (
			);
			runOnlyForDeploymentPostprocessing = 0;
			shellPath = /bin/sh;
			shellScript = "echo \"Skipping, nothing to be embedded.\"";
		};
		1DC3F4A06BDAFC9A216BD350 /* Swift Lint */ = {
			isa = PBXShellScriptBuildPhase;
			buildActionMask = 2147483647;
			files = (
			);
			inputFileListPaths = (
			);
			inputPaths = (
			);
			name = "Swift Lint";
			outputFileListPaths = (
			);
			outputPaths = (
			);
			runOnlyForDeploymentPostprocessing = 0;
			shellPath = /bin/sh;
			shellScript = "swiftlint --config ./../../.swiftlint.yml";
		};
		90E165954A8094320E7759BA /* Embed Precompiled Frameworks */ = {
			isa = PBXShellScriptBuildPhase;
			buildActionMask = 2147483647;
			files = (
			);
			inputPaths = (
			);
			name = "Embed Precompiled Frameworks";
			outputPaths = (
			);
			runOnlyForDeploymentPostprocessing = 0;
			shellPath = /bin/sh;
			shellScript = "echo \"Skipping, nothing to be embedded.\"";
		};
		920A7AB8D8C418B9AF275E20 /* Embed Precompiled Frameworks */ = {
			isa = PBXShellScriptBuildPhase;
			buildActionMask = 2147483647;
			files = (
			);
			inputPaths = (
			);
			name = "Embed Precompiled Frameworks";
			outputPaths = (
			);
			runOnlyForDeploymentPostprocessing = 0;
			shellPath = /bin/sh;
			shellScript = "echo \"Skipping, nothing to be embedded.\"";
		};
		950756A5FDA64108801850E4 /* Embed Precompiled Frameworks */ = {
			isa = PBXShellScriptBuildPhase;
			buildActionMask = 2147483647;
			files = (
			);
			inputPaths = (
			);
			name = "Embed Precompiled Frameworks";
			outputPaths = (
			);
			runOnlyForDeploymentPostprocessing = 0;
			shellPath = /bin/sh;
			shellScript = "echo \"Skipping, nothing to be embedded.\"";
		};
/* End PBXShellScriptBuildPhase section */

/* Begin PBXSourcesBuildPhase section */
		3CF093B862D6C4D61627BBBC /* Sources */ = {
			isa = PBXSourcesBuildPhase;
			buildActionMask = 2147483647;
			files = (
				84B7DC2D9B87EC40672E7CE7 /* Bundle+PuccaSample.swift in Sources */,
				0B7B832660032C75C3C7E6E2 /* AppDelegate.swift in Sources */,
				2D6BA9D6843BB7FAFA4EA9C5 /* ViewController.swift in Sources */,
			);
			runOnlyForDeploymentPostprocessing = 0;
		};
		797718E795808777714EC39C /* Sources */ = {
			isa = PBXSourcesBuildPhase;
			buildActionMask = 2147483647;
			files = (
				261CCE32E67B5FAF57B4A437 /* PuccaTests.swift in Sources */,
			);
			runOnlyForDeploymentPostprocessing = 0;
		};
		B41C825C787FB2DE6C0C9BD1 /* Sources */ = {
			isa = PBXSourcesBuildPhase;
			buildActionMask = 2147483647;
			files = (
				E3BCB2E4266AF26500390EF9 /* PuccaListener.swift in Sources */,
				3FD83CC6E94B47A26F14DECE /* PuccaBuildable.swift in Sources */,
			);
			runOnlyForDeploymentPostprocessing = 0;
		};
		BDF48AA30579EBA73D1C03B7 /* Sources */ = {
			isa = PBXSourcesBuildPhase;
			buildActionMask = 2147483647;
			files = (
				42BDE95AA402F9981D230849 /* PuccaBuilder.swift in Sources */,
				5533024574877D4024C3D260 /* InitialBuilder.swift in Sources */,
				BA717AA9CAEADDE612044348 /* InitialCoordinator.swift in Sources */,
				AACC9EC77A0368167F86B12B /* InitialInteractor.swift in Sources */,
				FCD28C747030F906E35859AB /* InitialViewController.swift in Sources */,
			);
			runOnlyForDeploymentPostprocessing = 0;
		};
/* End PBXSourcesBuildPhase section */

/* Begin PBXTargetDependency section */
		31E0BA1D0ECCD524F4ADEA6E /* PBXTargetDependency */ = {
			isa = PBXTargetDependency;
			name = Pucca;
			target = 3E719E0C484B7C61F2EC7A31 /* Pucca */;
			targetProxy = EC616E9FE6748B8656B41442 /* PBXContainerItemProxy */;
		};
		52B1C4A611DD2A6BF2460FFE /* PBXTargetDependency */ = {
			isa = PBXTargetDependency;
			name = PuccaInterface;
			target = B53BC8DD82519E7BEC49F172 /* PuccaInterface */;
			targetProxy = 1D7C9D5A5F7BF1736C2AB475 /* PBXContainerItemProxy */;
		};
		648EB7CD9493BEF7B5A8BBA1 /* PBXTargetDependency */ = {
			isa = PBXTargetDependency;
			name = PuccaInterface;
			target = B53BC8DD82519E7BEC49F172 /* PuccaInterface */;
			targetProxy = CA26D39B3C0A1C3080B78185 /* PBXContainerItemProxy */;
		};
		B41FA6CC6C14A3AE8751C1F8 /* PBXTargetDependency */ = {
			isa = PBXTargetDependency;
			name = Pucca;
			target = 3E719E0C484B7C61F2EC7A31 /* Pucca */;
			targetProxy = 6A4580598308F8F7AE634F08 /* PBXContainerItemProxy */;
		};
/* End PBXTargetDependency section */

/* Begin PBXVariantGroup section */
		E598EE0081452ACFF09BC0A4 /* LaunchScreen.storyboard */ = {
			isa = PBXVariantGroup;
			children = (
				A5879B7CE883909FA7A90F9D /* Base */,
			);
			name = LaunchScreen.storyboard;
			sourceTree = "<group>";
		};
/* End PBXVariantGroup section */

/* Begin XCBuildConfiguration section */
		0DF60784787FD6243E2FE1EC /* Release */ = {
			isa = XCBuildConfiguration;
			buildSettings = {
				CODE_SIGN_IDENTITY = "";
				CURRENT_PROJECT_VERSION = 1;
				DEFINES_MODULE = YES;
				DYLIB_COMPATIBILITY_VERSION = 1;
				DYLIB_CURRENT_VERSION = 1;
				DYLIB_INSTALL_NAME_BASE = "@rpath";
				INFOPLIST_FILE = PuccaInterface/Info.plist;
				INSTALL_PATH = "$(LOCAL_LIBRARY_DIR)/Frameworks";
				LD_RUNPATH_SEARCH_PATHS = (
					"$(inherited)",
					"@executable_path/Frameworks",
					"@loader_path/Frameworks",
				);
				PRODUCT_BUNDLE_IDENTIFIER = io.tuist.PuccaInterface;
				PRODUCT_NAME = PuccaInterface;
				SDKROOT = iphoneos;
				SKIP_INSTALL = YES;
				SUPPORTED_PLATFORMS = "iphonesimulator iphoneos";
				SWIFT_COMPILATION_MODE = wholemodule;
				SWIFT_OPTIMIZATION_LEVEL = "-Owholemodule";
				SWIFT_VERSION = 5.4;
				TARGETED_DEVICE_FAMILY = "1,2";
				VERSIONING_SYSTEM = "apple-generic";
				VERSION_INFO_PREFIX = "";
			};
			name = Release;
		};
		20AF913CC0B0F853E37D5D9C /* Debug */ = {
			isa = XCBuildConfiguration;
			buildSettings = {
				CODE_SIGN_IDENTITY = "";
				CURRENT_PROJECT_VERSION = 1;
				DEFINES_MODULE = YES;
				DYLIB_COMPATIBILITY_VERSION = 1;
				DYLIB_CURRENT_VERSION = 1;
				DYLIB_INSTALL_NAME_BASE = "@rpath";
				INFOPLIST_FILE = Pucca/Info.plist;
				INSTALL_PATH = "$(LOCAL_LIBRARY_DIR)/Frameworks";
				LD_RUNPATH_SEARCH_PATHS = (
					"$(inherited)",
					"@executable_path/Frameworks",
					"@loader_path/Frameworks",
				);
				PRODUCT_BUNDLE_IDENTIFIER = io.tuist.Pucca;
				PRODUCT_NAME = Pucca;
				SDKROOT = iphoneos;
				SKIP_INSTALL = YES;
				SUPPORTED_PLATFORMS = "iphonesimulator iphoneos";
				SWIFT_ACTIVE_COMPILATION_CONDITIONS = DEBUG;
				SWIFT_COMPILATION_MODE = singlefile;
				SWIFT_OPTIMIZATION_LEVEL = "-Onone";
				SWIFT_VERSION = 5.4;
				TARGETED_DEVICE_FAMILY = "1,2";
				VERSIONING_SYSTEM = "apple-generic";
				VERSION_INFO_PREFIX = "";
			};
			name = Debug;
		};
		63CF5EC7E8798029899F3C99 /* Release */ = {
			isa = XCBuildConfiguration;
			buildSettings = {
				ASSETCATALOG_COMPILER_APPICON_NAME = AppIcon;
				CODE_SIGN_IDENTITY = "iPhone Developer";
				ENABLE_PREVIEWS = YES;
				INFOPLIST_FILE = PuccaSample/Info.plist;
				LD_RUNPATH_SEARCH_PATHS = (
					"$(inherited)",
					"@executable_path/Frameworks",
				);
				PRODUCT_BUNDLE_IDENTIFIER = io.tuist.PuccaSample;
				PRODUCT_NAME = PuccaSample;
				SDKROOT = iphoneos;
				SUPPORTED_PLATFORMS = "iphonesimulator iphoneos";
				SWIFT_COMPILATION_MODE = wholemodule;
				SWIFT_OPTIMIZATION_LEVEL = "-Owholemodule";
				SWIFT_VERSION = 5.4;
				TARGETED_DEVICE_FAMILY = "1,2";
			};
			name = Release;
		};
		666790B5E18EFD7442437F64 /* Release */ = {
			isa = XCBuildConfiguration;
			buildSettings = {
				CODE_SIGN_IDENTITY = "iPhone Developer";
				INFOPLIST_FILE = PuccaTests/Info.plist;
				LD_RUNPATH_SEARCH_PATHS = (
					"$(inherited)",
					"@executable_path/Frameworks",
					"@loader_path/Frameworks",
				);
				PRODUCT_BUNDLE_IDENTIFIER = io.tuist.PuccaTests;
				PRODUCT_NAME = PuccaTests;
				SDKROOT = iphoneos;
				SUPPORTED_PLATFORMS = "iphonesimulator iphoneos";
				SWIFT_COMPILATION_MODE = wholemodule;
				SWIFT_OPTIMIZATION_LEVEL = "-Owholemodule";
				SWIFT_VERSION = 5.4;
				TARGETED_DEVICE_FAMILY = "1,2";
			};
			name = Release;
		};
		6C7F51436A5F99E3664FE177 /* Debug */ = {
			isa = XCBuildConfiguration;
			buildSettings = {
				ASSETCATALOG_COMPILER_APPICON_NAME = AppIcon;
				CODE_SIGN_IDENTITY = "iPhone Developer";
				ENABLE_PREVIEWS = YES;
				INFOPLIST_FILE = PuccaSample/Info.plist;
				LD_RUNPATH_SEARCH_PATHS = (
					"$(inherited)",
					"@executable_path/Frameworks",
				);
				PRODUCT_BUNDLE_IDENTIFIER = io.tuist.PuccaSample;
				PRODUCT_NAME = PuccaSample;
				SDKROOT = iphoneos;
				SUPPORTED_PLATFORMS = "iphonesimulator iphoneos";
				SWIFT_ACTIVE_COMPILATION_CONDITIONS = DEBUG;
				SWIFT_COMPILATION_MODE = singlefile;
				SWIFT_OPTIMIZATION_LEVEL = "-Onone";
				SWIFT_VERSION = 5.4;
				TARGETED_DEVICE_FAMILY = "1,2";
			};
			name = Debug;
		};
		7BC8F2BB7C8AAD3CABB0FB92 /* Release */ = {
			isa = XCBuildConfiguration;
			buildSettings = {
				ALWAYS_SEARCH_USER_PATHS = NO;
				CLANG_ANALYZER_NONNULL = YES;
				CLANG_ANALYZER_NUMBER_OBJECT_CONVERSION = YES_AGGRESSIVE;
				CLANG_CXX_LANGUAGE_STANDARD = "gnu++14";
				CLANG_CXX_LIBRARY = "libc++";
				CLANG_ENABLE_MODULES = YES;
				CLANG_ENABLE_OBJC_ARC = YES;
				CLANG_ENABLE_OBJC_WEAK = YES;
				CLANG_WARN_BLOCK_CAPTURE_AUTORELEASING = YES;
				CLANG_WARN_BOOL_CONVERSION = YES;
				CLANG_WARN_COMMA = YES;
				CLANG_WARN_CONSTANT_CONVERSION = YES;
				CLANG_WARN_DEPRECATED_OBJC_IMPLEMENTATIONS = YES;
				CLANG_WARN_DIRECT_OBJC_ISA_USAGE = YES_ERROR;
				CLANG_WARN_DOCUMENTATION_COMMENTS = YES;
				CLANG_WARN_EMPTY_BODY = YES;
				CLANG_WARN_ENUM_CONVERSION = YES;
				CLANG_WARN_INFINITE_RECURSION = YES;
				CLANG_WARN_INT_CONVERSION = YES;
				CLANG_WARN_NON_LITERAL_NULL_CONVERSION = YES;
				CLANG_WARN_OBJC_IMPLICIT_RETAIN_SELF = YES;
				CLANG_WARN_OBJC_LITERAL_CONVERSION = YES;
				CLANG_WARN_OBJC_ROOT_CLASS = YES_ERROR;
				CLANG_WARN_QUOTED_INCLUDE_IN_FRAMEWORK_HEADER = YES;
				CLANG_WARN_RANGE_LOOP_ANALYSIS = YES;
				CLANG_WARN_STRICT_PROTOTYPES = YES;
				CLANG_WARN_SUSPICIOUS_MOVE = YES;
				CLANG_WARN_UNGUARDED_AVAILABILITY = YES_AGGRESSIVE;
				CLANG_WARN_UNREACHABLE_CODE = YES;
				CLANG_WARN__DUPLICATE_METHOD_MATCH = YES;
				COPY_PHASE_STRIP = NO;
				DEBUG_INFORMATION_FORMAT = "dwarf-with-dsym";
				ENABLE_NS_ASSERTIONS = NO;
				ENABLE_STRICT_OBJC_MSGSEND = YES;
				GCC_C_LANGUAGE_STANDARD = gnu11;
				GCC_NO_COMMON_BLOCKS = YES;
				GCC_WARN_64_TO_32_BIT_CONVERSION = YES;
				GCC_WARN_ABOUT_RETURN_TYPE = YES_ERROR;
				GCC_WARN_UNDECLARED_SELECTOR = YES;
				GCC_WARN_UNINITIALIZED_AUTOS = YES_AGGRESSIVE;
				GCC_WARN_UNUSED_FUNCTION = YES;
				GCC_WARN_UNUSED_VARIABLE = YES;
				MTL_ENABLE_DEBUG_INFO = NO;
				PRODUCT_NAME = "$(TARGET_NAME)";
				VALIDATE_PRODUCT = YES;
			};
			name = Release;
		};
		7C8CF1231AEE2D76B5000674 /* Debug */ = {
			isa = XCBuildConfiguration;
			buildSettings = {
				CODE_SIGN_IDENTITY = "";
				CURRENT_PROJECT_VERSION = 1;
				DEFINES_MODULE = YES;
				DYLIB_COMPATIBILITY_VERSION = 1;
				DYLIB_CURRENT_VERSION = 1;
				DYLIB_INSTALL_NAME_BASE = "@rpath";
				INFOPLIST_FILE = PuccaInterface/Info.plist;
				INSTALL_PATH = "$(LOCAL_LIBRARY_DIR)/Frameworks";
				LD_RUNPATH_SEARCH_PATHS = (
					"$(inherited)",
					"@executable_path/Frameworks",
					"@loader_path/Frameworks",
				);
				PRODUCT_BUNDLE_IDENTIFIER = io.tuist.PuccaInterface;
				PRODUCT_NAME = PuccaInterface;
				SDKROOT = iphoneos;
				SKIP_INSTALL = YES;
				SUPPORTED_PLATFORMS = "iphonesimulator iphoneos";
				SWIFT_ACTIVE_COMPILATION_CONDITIONS = DEBUG;
				SWIFT_COMPILATION_MODE = singlefile;
				SWIFT_OPTIMIZATION_LEVEL = "-Onone";
				SWIFT_VERSION = 5.4;
				TARGETED_DEVICE_FAMILY = "1,2";
				VERSIONING_SYSTEM = "apple-generic";
				VERSION_INFO_PREFIX = "";
			};
			name = Debug;
		};
		A69F0E8D0C4014817B02249D /* Release */ = {
			isa = XCBuildConfiguration;
			buildSettings = {
				CODE_SIGN_IDENTITY = "";
				CURRENT_PROJECT_VERSION = 1;
				DEFINES_MODULE = YES;
				DYLIB_COMPATIBILITY_VERSION = 1;
				DYLIB_CURRENT_VERSION = 1;
				DYLIB_INSTALL_NAME_BASE = "@rpath";
				INFOPLIST_FILE = Pucca/Info.plist;
				INSTALL_PATH = "$(LOCAL_LIBRARY_DIR)/Frameworks";
				LD_RUNPATH_SEARCH_PATHS = (
					"$(inherited)",
					"@executable_path/Frameworks",
					"@loader_path/Frameworks",
				);
				PRODUCT_BUNDLE_IDENTIFIER = io.tuist.Pucca;
				PRODUCT_NAME = Pucca;
				SDKROOT = iphoneos;
				SKIP_INSTALL = YES;
				SUPPORTED_PLATFORMS = "iphonesimulator iphoneos";
				SWIFT_COMPILATION_MODE = wholemodule;
				SWIFT_OPTIMIZATION_LEVEL = "-Owholemodule";
				SWIFT_VERSION = 5.4;
				TARGETED_DEVICE_FAMILY = "1,2";
				VERSIONING_SYSTEM = "apple-generic";
				VERSION_INFO_PREFIX = "";
			};
			name = Release;
		};
		B99E8F0765B0952563E1F882 /* Debug */ = {
			isa = XCBuildConfiguration;
			buildSettings = {
				CODE_SIGN_IDENTITY = "iPhone Developer";
				INFOPLIST_FILE = PuccaTests/Info.plist;
				LD_RUNPATH_SEARCH_PATHS = (
					"$(inherited)",
					"@executable_path/Frameworks",
					"@loader_path/Frameworks",
				);
				PRODUCT_BUNDLE_IDENTIFIER = io.tuist.PuccaTests;
				PRODUCT_NAME = PuccaTests;
				SDKROOT = iphoneos;
				SUPPORTED_PLATFORMS = "iphonesimulator iphoneos";
				SWIFT_ACTIVE_COMPILATION_CONDITIONS = DEBUG;
				SWIFT_COMPILATION_MODE = singlefile;
				SWIFT_OPTIMIZATION_LEVEL = "-Onone";
				SWIFT_VERSION = 5.4;
				TARGETED_DEVICE_FAMILY = "1,2";
			};
			name = Debug;
		};
		C19661F7DC8608FA94A53122 /* Debug */ = {
			isa = XCBuildConfiguration;
			buildSettings = {
				ALWAYS_SEARCH_USER_PATHS = NO;
				CLANG_ANALYZER_NONNULL = YES;
				CLANG_ANALYZER_NUMBER_OBJECT_CONVERSION = YES_AGGRESSIVE;
				CLANG_CXX_LANGUAGE_STANDARD = "gnu++14";
				CLANG_CXX_LIBRARY = "libc++";
				CLANG_ENABLE_MODULES = YES;
				CLANG_ENABLE_OBJC_ARC = YES;
				CLANG_ENABLE_OBJC_WEAK = YES;
				CLANG_WARN_BLOCK_CAPTURE_AUTORELEASING = YES;
				CLANG_WARN_BOOL_CONVERSION = YES;
				CLANG_WARN_COMMA = YES;
				CLANG_WARN_CONSTANT_CONVERSION = YES;
				CLANG_WARN_DEPRECATED_OBJC_IMPLEMENTATIONS = YES;
				CLANG_WARN_DIRECT_OBJC_ISA_USAGE = YES_ERROR;
				CLANG_WARN_DOCUMENTATION_COMMENTS = YES;
				CLANG_WARN_EMPTY_BODY = YES;
				CLANG_WARN_ENUM_CONVERSION = YES;
				CLANG_WARN_INFINITE_RECURSION = YES;
				CLANG_WARN_INT_CONVERSION = YES;
				CLANG_WARN_NON_LITERAL_NULL_CONVERSION = YES;
				CLANG_WARN_OBJC_IMPLICIT_RETAIN_SELF = YES;
				CLANG_WARN_OBJC_LITERAL_CONVERSION = YES;
				CLANG_WARN_OBJC_ROOT_CLASS = YES_ERROR;
				CLANG_WARN_QUOTED_INCLUDE_IN_FRAMEWORK_HEADER = YES;
				CLANG_WARN_RANGE_LOOP_ANALYSIS = YES;
				CLANG_WARN_STRICT_PROTOTYPES = YES;
				CLANG_WARN_SUSPICIOUS_MOVE = YES;
				CLANG_WARN_UNGUARDED_AVAILABILITY = YES_AGGRESSIVE;
				CLANG_WARN_UNREACHABLE_CODE = YES;
				CLANG_WARN__DUPLICATE_METHOD_MATCH = YES;
				COPY_PHASE_STRIP = NO;
				DEBUG_INFORMATION_FORMAT = dwarf;
				ENABLE_STRICT_OBJC_MSGSEND = YES;
				ENABLE_TESTABILITY = YES;
				GCC_C_LANGUAGE_STANDARD = gnu11;
				GCC_DYNAMIC_NO_PIC = NO;
				GCC_NO_COMMON_BLOCKS = YES;
				GCC_OPTIMIZATION_LEVEL = 0;
				GCC_PREPROCESSOR_DEFINITIONS = (
					"DEBUG=1",
					"$(inherited)",
				);
				GCC_WARN_64_TO_32_BIT_CONVERSION = YES;
				GCC_WARN_ABOUT_RETURN_TYPE = YES_ERROR;
				GCC_WARN_UNDECLARED_SELECTOR = YES;
				GCC_WARN_UNINITIALIZED_AUTOS = YES_AGGRESSIVE;
				GCC_WARN_UNUSED_FUNCTION = YES;
				GCC_WARN_UNUSED_VARIABLE = YES;
				MTL_ENABLE_DEBUG_INFO = YES;
				ONLY_ACTIVE_ARCH = YES;
				PRODUCT_NAME = "$(TARGET_NAME)";
			};
			name = Debug;
		};
/* End XCBuildConfiguration section */

/* Begin XCConfigurationList section */
		26B46FEF243419279AF4AC4E /* Build configuration list for PBXNativeTarget "Pucca" */ = {
			isa = XCConfigurationList;
			buildConfigurations = (
				20AF913CC0B0F853E37D5D9C /* Debug */,
				A69F0E8D0C4014817B02249D /* Release */,
			);
			defaultConfigurationIsVisible = 0;
			defaultConfigurationName = Release;
		};
		52A285EBD6928ACFA2475846 /* Build configuration list for PBXProject "Pucca" */ = {
			isa = XCConfigurationList;
			buildConfigurations = (
				C19661F7DC8608FA94A53122 /* Debug */,
				7BC8F2BB7C8AAD3CABB0FB92 /* Release */,
			);
			defaultConfigurationIsVisible = 0;
			defaultConfigurationName = Release;
		};
		B0FAC2D2AAC63356F5CE7B94 /* Build configuration list for PBXNativeTarget "PuccaTests" */ = {
			isa = XCConfigurationList;
			buildConfigurations = (
				B99E8F0765B0952563E1F882 /* Debug */,
				666790B5E18EFD7442437F64 /* Release */,
			);
			defaultConfigurationIsVisible = 0;
			defaultConfigurationName = Release;
		};
		E1DCD952DE1E4AE3CAD9AA16 /* Build configuration list for PBXNativeTarget "PuccaInterface" */ = {
			isa = XCConfigurationList;
			buildConfigurations = (
				7C8CF1231AEE2D76B5000674 /* Debug */,
				0DF60784787FD6243E2FE1EC /* Release */,
			);
			defaultConfigurationIsVisible = 0;
			defaultConfigurationName = Release;
		};
		F6FD243D9518827396E2126A /* Build configuration list for PBXNativeTarget "PuccaSample" */ = {
			isa = XCConfigurationList;
			buildConfigurations = (
				6C7F51436A5F99E3664FE177 /* Debug */,
				63CF5EC7E8798029899F3C99 /* Release */,
			);
			defaultConfigurationIsVisible = 0;
			defaultConfigurationName = Release;
		};
/* End XCConfigurationList section */
	};
	rootObject = C83C8FDCB276884F7F4D281E /* Project object */;
}
